// !$*UTF8*$!
{
	archiveVersion = 1;
	classes = {
	};
	objectVersion = 56;
	objects = {

/* Begin PBXBuildFile section */
		CD6E92AF2B5ADD7C009C5213 /* BetterSleep 1.mlmodel in Sources */ = {isa = PBXBuildFile; fileRef = CD6E92AE2B5ADD7C009C5213 /* BetterSleep 1.mlmodel */; };
		CD863FC92B5ACED600D9C9BF /* BetterRestApp.swift in Sources */ = {isa = PBXBuildFile; fileRef = CD863FC82B5ACED600D9C9BF /* BetterRestApp.swift */; };
		CD863FCB2B5ACED600D9C9BF /* ContentView.swift in Sources */ = {isa = PBXBuildFile; fileRef = CD863FCA2B5ACED600D9C9BF /* ContentView.swift */; };
		CD863FCD2B5ACEDA00D9C9BF /* Assets.xcassets in Resources */ = {isa = PBXBuildFile; fileRef = CD863FCC2B5ACEDA00D9C9BF /* Assets.xcassets */; };
		CD863FD02B5ACEDA00D9C9BF /* Preview Assets.xcassets in Resources */ = {isa = PBXBuildFile; fileRef = CD863FCF2B5ACEDA00D9C9BF /* Preview Assets.xcassets */; };
		CD863FDA2B5ACEDA00D9C9BF /* BetterRestTests.swift in Sources */ = {isa = PBXBuildFile; fileRef = CD863FD92B5ACEDA00D9C9BF /* BetterRestTests.swift */; };
		CD863FE42B5ACEDA00D9C9BF /* BetterRestUITests.swift in Sources */ = {isa = PBXBuildFile; fileRef = CD863FE32B5ACEDA00D9C9BF /* BetterRestUITests.swift */; };
		CD863FE62B5ACEDA00D9C9BF /* BetterRestUITestsLaunchTests.swift in Sources */ = {isa = PBXBuildFile; fileRef = CD863FE52B5ACEDA00D9C9BF /* BetterRestUITestsLaunchTests.swift */; };
/* End PBXBuildFile section */

/* Begin PBXContainerItemProxy section */
		CD863FD62B5ACEDA00D9C9BF /* PBXContainerItemProxy */ = {
			isa = PBXContainerItemProxy;
			containerPortal = CD863FBD2B5ACED600D9C9BF /* Project object */;
			proxyType = 1;
			remoteGlobalIDString = CD863FC42B5ACED600D9C9BF;
			remoteInfo = BetterRest;
		};
		CD863FE02B5ACEDA00D9C9BF /* PBXContainerItemProxy */ = {
			isa = PBXContainerItemProxy;
			containerPortal = CD863FBD2B5ACED600D9C9BF /* Project object */;
			proxyType = 1;
			remoteGlobalIDString = CD863FC42B5ACED600D9C9BF;
			remoteInfo = BetterRest;
		};
/* End PBXContainerItemProxy section */

/* Begin PBXFileReference section */
		CD6E92AE2B5ADD7C009C5213 /* BetterSleep 1.mlmodel */ = {isa = PBXFileReference; lastKnownFileType = file.mlmodel; path = "BetterSleep 1.mlmodel"; sourceTree = "<group>"; };
		CD863FC52B5ACED600D9C9BF /* BetterRest.app */ = {isa = PBXFileReference; explicitFileType = wrapper.application; includeInIndex = 0; path = BetterRest.app; sourceTree = BUILT_PRODUCTS_DIR; };
		CD863FC82B5ACED600D9C9BF /* BetterRestApp.swift */ = {isa = PBXFileReference; lastKnownFileType = sourcecode.swift; path = BetterRestApp.swift; sourceTree = "<group>"; };
		CD863FCA2B5ACED600D9C9BF /* ContentView.swift */ = {isa = PBXFileReference; lastKnownFileType = sourcecode.swift; path = ContentView.swift; sourceTree = "<group>"; };
		CD863FCC2B5ACEDA00D9C9BF /* Assets.xcassets */ = {isa = PBXFileReference; lastKnownFileType = folder.assetcatalog; path = Assets.xcassets; sourceTree = "<group>"; };
		CD863FCF2B5ACEDA00D9C9BF /* Preview Assets.xcassets */ = {isa = PBXFileReference; lastKnownFileType = folder.assetcatalog; path = "Preview Assets.xcassets"; sourceTree = "<group>"; };
		CD863FD52B5ACEDA00D9C9BF /* BetterRestTests.xctest */ = {isa = PBXFileReference; explicitFileType = wrapper.cfbundle; includeInIndex = 0; path = BetterRestTests.xctest; sourceTree = BUILT_PRODUCTS_DIR; };
		CD863FD92B5ACEDA00D9C9BF /* BetterRestTests.swift */ = {isa = PBXFileReference; lastKnownFileType = sourcecode.swift; path = BetterRestTests.swift; sourceTree = "<group>"; };
		CD863FDF2B5ACEDA00D9C9BF /* BetterRestUITests.xctest */ = {isa = PBXFileReference; explicitFileType = wrapper.cfbundle; includeInIndex = 0; path = BetterRestUITests.xctest; sourceTree = BUILT_PRODUCTS_DIR; };
		CD863FE32B5ACEDA00D9C9BF /* BetterRestUITests.swift */ = {isa = PBXFileReference; lastKnownFileType = sourcecode.swift; path = BetterRestUITests.swift; sourceTree = "<group>"; };
		CD863FE52B5ACEDA00D9C9BF /* BetterRestUITestsLaunchTests.swift */ = {isa = PBXFileReference; lastKnownFileType = sourcecode.swift; path = BetterRestUITestsLaunchTests.swift; sourceTree = "<group>"; };
/* End PBXFileReference section */

/* Begin PBXFrameworksBuildPhase section */
		CD863FC22B5ACED600D9C9BF /* Frameworks */ = {
			isa = PBXFrameworksBuildPhase;
			buildActionMask = 2147483647;
			files = (
			);
			runOnlyForDeploymentPostprocessing = 0;
		};
		CD863FD22B5ACEDA00D9C9BF /* Frameworks */ = {
			isa = PBXFrameworksBuildPhase;
			buildActionMask = 2147483647;
			files = (
			);
			runOnlyForDeploymentPostprocessing = 0;
		};
		CD863FDC2B5ACEDA00D9C9BF /* Frameworks */ = {
			isa = PBXFrameworksBuildPhase;
			buildActionMask = 2147483647;
			files = (
			);
			runOnlyForDeploymentPostprocessing = 0;
		};
/* End PBXFrameworksBuildPhase section */

/* Begin PBXGroup section */
		CD863FBC2B5ACED600D9C9BF = {
			isa = PBXGroup;
			children = (
				CD863FC72B5ACED600D9C9BF /* BetterRest */,
				CD863FD82B5ACEDA00D9C9BF /* BetterRestTests */,
				CD863FE22B5ACEDA00D9C9BF /* BetterRestUITests */,
				CD863FC62B5ACED600D9C9BF /* Products */,
			);
			sourceTree = "<group>";
		};
		CD863FC62B5ACED600D9C9BF /* Products */ = {
			isa = PBXGroup;
			children = (
				CD863FC52B5ACED600D9C9BF /* BetterRest.app */,
				CD863FD52B5ACEDA00D9C9BF /* BetterRestTests.xctest */,
				CD863FDF2B5ACEDA00D9C9BF /* BetterRestUITests.xctest */,
			);
			name = Products;
			sourceTree = "<group>";
		};
		CD863FC72B5ACED600D9C9BF /* BetterRest */ = {
			isa = PBXGroup;
			children = (
				CD863FC82B5ACED600D9C9BF /* BetterRestApp.swift */,
				CD863FCA2B5ACED600D9C9BF /* ContentView.swift */,
				CD6E92AE2B5ADD7C009C5213 /* BetterSleep 1.mlmodel */,
				CD863FCC2B5ACEDA00D9C9BF /* Assets.xcassets */,
				CD863FCE2B5ACEDA00D9C9BF /* Preview Content */,
			);
			path = BetterRest;
			sourceTree = "<group>";
		};
		CD863FCE2B5ACEDA00D9C9BF /* Preview Content */ = {
			isa = PBXGroup;
			children = (
				CD863FCF2B5ACEDA00D9C9BF /* Preview Assets.xcassets */,
			);
			path = "Preview Content";
			sourceTree = "<group>";
		};
		CD863FD82B5ACEDA00D9C9BF /* BetterRestTests */ = {
			isa = PBXGroup;
			children = (
				CD863FD92B5ACEDA00D9C9BF /* BetterRestTests.swift */,
			);
			path = BetterRestTests;
			sourceTree = "<group>";
		};
		CD863FE22B5ACEDA00D9C9BF /* BetterRestUITests */ = {
			isa = PBXGroup;
			children = (
				CD863FE32B5ACEDA00D9C9BF /* BetterRestUITests.swift */,
				CD863FE52B5ACEDA00D9C9BF /* BetterRestUITestsLaunchTests.swift */,
			);
			path = BetterRestUITests;
			sourceTree = "<group>";
		};
/* End PBXGroup section */

/* Begin PBXNativeTarget section */
		CD863FC42B5ACED600D9C9BF /* BetterRest */ = {
			isa = PBXNativeTarget;
			buildConfigurationList = CD863FE92B5ACEDA00D9C9BF /* Build configuration list for PBXNativeTarget "BetterRest" */;
			buildPhases = (
				CD863FC12B5ACED600D9C9BF /* Sources */,
				CD863FC22B5ACED600D9C9BF /* Frameworks */,
				CD863FC32B5ACED600D9C9BF /* Resources */,
			);
			buildRules = (
			);
			dependencies = (
			);
			name = BetterRest;
			productName = BetterRest;
			productReference = CD863FC52B5ACED600D9C9BF /* BetterRest.app */;
			productType = "com.apple.product-type.application";
		};
		CD863FD42B5ACEDA00D9C9BF /* BetterRestTests */ = {
			isa = PBXNativeTarget;
			buildConfigurationList = CD863FEC2B5ACEDA00D9C9BF /* Build configuration list for PBXNativeTarget "BetterRestTests" */;
			buildPhases = (
				CD863FD12B5ACEDA00D9C9BF /* Sources */,
				CD863FD22B5ACEDA00D9C9BF /* Frameworks */,
				CD863FD32B5ACEDA00D9C9BF /* Resources */,
			);
			buildRules = (
			);
			dependencies = (
				CD863FD72B5ACEDA00D9C9BF /* PBXTargetDependency */,
			);
			name = BetterRestTests;
			productName = BetterRestTests;
			productReference = CD863FD52B5ACEDA00D9C9BF /* BetterRestTests.xctest */;
			productType = "com.apple.product-type.bundle.unit-test";
		};
		CD863FDE2B5ACEDA00D9C9BF /* BetterRestUITests */ = {
			isa = PBXNativeTarget;
			buildConfigurationList = CD863FEF2B5ACEDA00D9C9BF /* Build configuration list for PBXNativeTarget "BetterRestUITests" */;
			buildPhases = (
				CD863FDB2B5ACEDA00D9C9BF /* Sources */,
				CD863FDC2B5ACEDA00D9C9BF /* Frameworks */,
				CD863FDD2B5ACEDA00D9C9BF /* Resources */,
			);
			buildRules = (
			);
			dependencies = (
				CD863FE12B5ACEDA00D9C9BF /* PBXTargetDependency */,
			);
			name = BetterRestUITests;
			productName = BetterRestUITests;
			productReference = CD863FDF2B5ACEDA00D9C9BF /* BetterRestUITests.xctest */;
			productType = "com.apple.product-type.bundle.ui-testing";
		};
/* End PBXNativeTarget section */

/* Begin PBXProject section */
		CD863FBD2B5ACED600D9C9BF /* Project object */ = {
			isa = PBXProject;
			attributes = {
				BuildIndependentTargetsInParallel = 1;
				LastSwiftUpdateCheck = 1500;
				LastUpgradeCheck = 1500;
				TargetAttributes = {
					CD863FC42B5ACED600D9C9BF = {
						CreatedOnToolsVersion = 15.0;
					};
					CD863FD42B5ACEDA00D9C9BF = {
						CreatedOnToolsVersion = 15.0;
						TestTargetID = CD863FC42B5ACED600D9C9BF;
					};
					CD863FDE2B5ACEDA00D9C9BF = {
						CreatedOnToolsVersion = 15.0;
						TestTargetID = CD863FC42B5ACED600D9C9BF;
					};
				};
			};
			buildConfigurationList = CD863FC02B5ACED600D9C9BF /* Build configuration list for PBXProject "BetterRest" */;
			compatibilityVersion = "Xcode 14.0";
			developmentRegion = en;
			hasScannedForEncodings = 0;
			knownRegions = (
				en,
				Base,
			);
			mainGroup = CD863FBC2B5ACED600D9C9BF;
			productRefGroup = CD863FC62B5ACED600D9C9BF /* Products */;
			projectDirPath = "";
			projectRoot = "";
			targets = (
				CD863FC42B5ACED600D9C9BF /* BetterRest */,
				CD863FD42B5ACEDA00D9C9BF /* BetterRestTests */,
				CD863FDE2B5ACEDA00D9C9BF /* BetterRestUITests */,
			);
		};
/* End PBXProject section */

/* Begin PBXResourcesBuildPhase section */
		CD863FC32B5ACED600D9C9BF /* Resources */ = {
			isa = PBXResourcesBuildPhase;
			buildActionMask = 2147483647;
			files = (
				CD863FD02B5ACEDA00D9C9BF /* Preview Assets.xcassets in Resources */,
				CD863FCD2B5ACEDA00D9C9BF /* Assets.xcassets in Resources */,
			);
			runOnlyForDeploymentPostprocessing = 0;
		};
		CD863FD32B5ACEDA00D9C9BF /* Resources */ = {
			isa = PBXResourcesBuildPhase;
			buildActionMask = 2147483647;
			files = (
			);
			runOnlyForDeploymentPostprocessing = 0;
		};
		CD863FDD2B5ACEDA00D9C9BF /* Resources */ = {
			isa = PBXResourcesBuildPhase;
			buildActionMask = 2147483647;
			files = (
			);
			runOnlyForDeploymentPostprocessing = 0;
		};
/* End PBXResourcesBuildPhase section */

/* Begin PBXSourcesBuildPhase section */
		CD863FC12B5ACED600D9C9BF /* Sources */ = {
			isa = PBXSourcesBuildPhase;
			buildActionMask = 2147483647;
			files = (
				CD863FCB2B5ACED600D9C9BF /* ContentView.swift in Sources */,
				CD6E92AF2B5ADD7C009C5213 /* BetterSleep 1.mlmodel in Sources */,
				CD863FC92B5ACED600D9C9BF /* BetterRestApp.swift in Sources */,
			);
			runOnlyForDeploymentPostprocessing = 0;
		};
		CD863FD12B5ACEDA00D9C9BF /* Sources */ = {
			isa = PBXSourcesBuildPhase;
			buildActionMask = 2147483647;
			files = (
				CD863FDA2B5ACEDA00D9C9BF /* BetterRestTests.swift in Sources */,
			);
			runOnlyForDeploymentPostprocessing = 0;
		};
		CD863FDB2B5ACEDA00D9C9BF /* Sources */ = {
			isa = PBXSourcesBuildPhase;
			buildActionMask = 2147483647;
			files = (
				CD863FE62B5ACEDA00D9C9BF /* BetterRestUITestsLaunchTests.swift in Sources */,
				CD863FE42B5ACEDA00D9C9BF /* BetterRestUITests.swift in Sources */,
			);
			runOnlyForDeploymentPostprocessing = 0;
		};
/* End PBXSourcesBuildPhase section */

/* Begin PBXTargetDependency section */
		CD863FD72B5ACEDA00D9C9BF /* PBXTargetDependency */ = {
			isa = PBXTargetDependency;
			target = CD863FC42B5ACED600D9C9BF /* BetterRest */;
			targetProxy = CD863FD62B5ACEDA00D9C9BF /* PBXContainerItemProxy */;
		};
		CD863FE12B5ACEDA00D9C9BF /* PBXTargetDependency */ = {
			isa = PBXTargetDependency;
			target = CD863FC42B5ACED600D9C9BF /* BetterRest */;
			targetProxy = CD863FE02B5ACEDA00D9C9BF /* PBXContainerItemProxy */;
		};
/* End PBXTargetDependency section */

/* Begin XCBuildConfiguration section */
		CD863FE72B5ACEDA00D9C9BF /* Debug */ = {
			isa = XCBuildConfiguration;
			buildSettings = {
				ALWAYS_SEARCH_USER_PATHS = NO;
				ASSETCATALOG_COMPILER_GENERATE_SWIFT_ASSET_SYMBOL_EXTENSIONS = YES;
				CLANG_ANALYZER_NONNULL = YES;
				CLANG_ANALYZER_NUMBER_OBJECT_CONVERSION = YES_AGGRESSIVE;
				CLANG_CXX_LANGUAGE_STANDARD = "gnu++20";
				CLANG_ENABLE_MODULES = YES;
				CLANG_ENABLE_OBJC_ARC = YES;
				CLANG_ENABLE_OBJC_WEAK = YES;
				CLANG_WARN_BLOCK_CAPTURE_AUTORELEASING = YES;
				CLANG_WARN_BOOL_CONVERSION = YES;
				CLANG_WARN_COMMA = YES;
				CLANG_WARN_CONSTANT_CONVERSION = YES;
				CLANG_WARN_DEPRECATED_OBJC_IMPLEMENTATIONS = YES;
				CLANG_WARN_DIRECT_OBJC_ISA_USAGE = YES_ERROR;
				CLANG_WARN_DOCUMENTATION_COMMENTS = YES;
				CLANG_WARN_EMPTY_BODY = YES;
				CLANG_WARN_ENUM_CONVERSION = YES;
				CLANG_WARN_INFINITE_RECURSION = YES;
				CLANG_WARN_INT_CONVERSION = YES;
				CLANG_WARN_NON_LITERAL_NULL_CONVERSION = YES;
				CLANG_WARN_OBJC_IMPLICIT_RETAIN_SELF = YES;
				CLANG_WARN_OBJC_LITERAL_CONVERSION = YES;
				CLANG_WARN_OBJC_ROOT_CLASS = YES_ERROR;
				CLANG_WARN_QUOTED_INCLUDE_IN_FRAMEWORK_HEADER = YES;
				CLANG_WARN_RANGE_LOOP_ANALYSIS = YES;
				CLANG_WARN_STRICT_PROTOTYPES = YES;
				CLANG_WARN_SUSPICIOUS_MOVE = YES;
				CLANG_WARN_UNGUARDED_AVAILABILITY = YES_AGGRESSIVE;
				CLANG_WARN_UNREACHABLE_CODE = YES;
				CLANG_WARN__DUPLICATE_METHOD_MATCH = YES;
				COPY_PHASE_STRIP = NO;
				DEBUG_INFORMATION_FORMAT = dwarf;
				ENABLE_STRICT_OBJC_MSGSEND = YES;
				ENABLE_TESTABILITY = YES;
				ENABLE_USER_SCRIPT_SANDBOXING = YES;
				GCC_C_LANGUAGE_STANDARD = gnu17;
				GCC_DYNAMIC_NO_PIC = NO;
				GCC_NO_COMMON_BLOCKS = YES;
				GCC_OPTIMIZATION_LEVEL = 0;
				GCC_PREPROCESSOR_DEFINITIONS = (
					"DEBUG=1",
					"$(inherited)",
				);
				GCC_WARN_64_TO_32_BIT_CONVERSION = YES;
				GCC_WARN_ABOUT_RETURN_TYPE = YES_ERROR;
				GCC_WARN_UNDECLARED_SELECTOR = YES;
				GCC_WARN_UNINITIALIZED_AUTOS = YES_AGGRESSIVE;
				GCC_WARN_UNUSED_FUNCTION = YES;
				GCC_WARN_UNUSED_VARIABLE = YES;
				IPHONEOS_DEPLOYMENT_TARGET = 17.0;
				LOCALIZATION_PREFERS_STRING_CATALOGS = YES;
				MTL_ENABLE_DEBUG_INFO = INCLUDE_SOURCE;
				MTL_FAST_MATH = YES;
				ONLY_ACTIVE_ARCH = YES;
				SDKROOT = iphoneos;
				SWIFT_ACTIVE_COMPILATION_CONDITIONS = "DEBUG $(inherited)";
				SWIFT_OPTIMIZATION_LEVEL = "-Onone";
			};
			name = Debug;
		};
		CD863FE82B5ACEDA00D9C9BF /* Release */ = {
			isa = XCBuildConfiguration;
			buildSettings = {
				ALWAYS_SEARCH_USER_PATHS = NO;
				ASSETCATALOG_COMPILER_GENERATE_SWIFT_ASSET_SYMBOL_EXTENSIONS = YES;
				CLANG_ANALYZER_NONNULL = YES;
				CLANG_ANALYZER_NUMBER_OBJECT_CONVERSION = YES_AGGRESSIVE;
				CLANG_CXX_LANGUAGE_STANDARD = "gnu++20";
				CLANG_ENABLE_MODULES = YES;
				CLANG_ENABLE_OBJC_ARC = YES;
				CLANG_ENABLE_OBJC_WEAK = YES;
				CLANG_WARN_BLOCK_CAPTURE_AUTORELEASING = YES;
				CLANG_WARN_BOOL_CONVERSION = YES;
				CLANG_WARN_COMMA = YES;
				CLANG_WARN_CONSTANT_CONVERSION = YES;
				CLANG_WARN_DEPRECATED_OBJC_IMPLEMENTATIONS = YES;
				CLANG_WARN_DIRECT_OBJC_ISA_USAGE = YES_ERROR;
				CLANG_WARN_DOCUMENTATION_COMMENTS = YES;
				CLANG_WARN_EMPTY_BODY = YES;
				CLANG_WARN_ENUM_CONVERSION = YES;
				CLANG_WARN_INFINITE_RECURSION = YES;
				CLANG_WARN_INT_CONVERSION = YES;
				CLANG_WARN_NON_LITERAL_NULL_CONVERSION = YES;
				CLANG_WARN_OBJC_IMPLICIT_RETAIN_SELF = YES;
				CLANG_WARN_OBJC_LITERAL_CONVERSION = YES;
				CLANG_WARN_OBJC_ROOT_CLASS = YES_ERROR;
				CLANG_WARN_QUOTED_INCLUDE_IN_FRAMEWORK_HEADER = YES;
				CLANG_WARN_RANGE_LOOP_ANALYSIS = YES;
				CLANG_WARN_STRICT_PROTOTYPES = YES;
				CLANG_WARN_SUSPICIOUS_MOVE = YES;
				CLANG_WARN_UNGUARDED_AVAILABILITY = YES_AGGRESSIVE;
				CLANG_WARN_UNREACHABLE_CODE = YES;
				CLANG_WARN__DUPLICATE_METHOD_MATCH = YES;
				COPY_PHASE_STRIP = NO;
				DEBUG_INFORMATION_FORMAT = "dwarf-with-dsym";
				ENABLE_NS_ASSERTIONS = NO;
				ENABLE_STRICT_OBJC_MSGSEND = YES;
				ENABLE_USER_SCRIPT_SANDBOXING = YES;
				GCC_C_LANGUAGE_STANDARD = gnu17;
				GCC_NO_COMMON_BLOCKS = YES;
				GCC_WARN_64_TO_32_BIT_CONVERSION = YES;
				GCC_WARN_ABOUT_RETURN_TYPE = YES_ERROR;
				GCC_WARN_UNDECLARED_SELECTOR = YES;
				GCC_WARN_UNINITIALIZED_AUTOS = YES_AGGRESSIVE;
				GCC_WARN_UNUSED_FUNCTION = YES;
				GCC_WARN_UNUSED_VARIABLE = YES;
				IPHONEOS_DEPLOYMENT_TARGET = 17.0;
				LOCALIZATION_PREFERS_STRING_CATALOGS = YES;
				MTL_ENABLE_DEBUG_INFO = NO;
				MTL_FAST_MATH = YES;
				SDKROOT = iphoneos;
				SWIFT_COMPILATION_MODE = wholemodule;
				VALIDATE_PRODUCT = YES;
			};
			name = Release;
		};
		CD863FEA2B5ACEDA00D9C9BF /* Debug */ = {
			isa = XCBuildConfiguration;
			buildSettings = {
				ASSETCATALOG_COMPILER_APPICON_NAME = AppIcon;
				ASSETCATALOG_COMPILER_GLOBAL_ACCENT_COLOR_NAME = AccentColor;
				CODE_SIGN_STYLE = Automatic;
				CURRENT_PROJECT_VERSION = 1;
				DEVELOPMENT_ASSET_PATHS = "\"BetterRest/Preview Content\"";
				ENABLE_PREVIEWS = YES;
				GENERATE_INFOPLIST_FILE = YES;
				INFOPLIST_KEY_UIApplicationSceneManifest_Generation = YES;
				INFOPLIST_KEY_UIApplicationSupportsIndirectInputEvents = YES;
				INFOPLIST_KEY_UILaunchScreen_Generation = YES;
				INFOPLIST_KEY_UISupportedInterfaceOrientations_iPad = "UIInterfaceOrientationPortrait UIInterfaceOrientationPortraitUpsideDown UIInterfaceOrientationLandscapeLeft UIInterfaceOrientationLandscapeRight";
				INFOPLIST_KEY_UISupportedInterfaceOrientations_iPhone = "UIInterfaceOrientationPortrait UIInterfaceOrientationLandscapeLeft UIInterfaceOrientationLandscapeRight";
				LD_RUNPATH_SEARCH_PATHS = (
					"$(inherited)",
					"@executable_path/Frameworks",
				);
				MARKETING_VERSION = 1.0;
				PRODUCT_BUNDLE_IDENTIFIER = Kanishk.BetterRest;
				PRODUCT_NAME = "$(TARGET_NAME)";
				SWIFT_EMIT_LOC_STRINGS = YES;
				SWIFT_VERSION = 5.0;
				TARGETED_DEVICE_FAMILY = "1,2";
			};
			name = Debug;
		};
		CD863FEB2B5ACEDA00D9C9BF /* Release */ = {
			isa = XCBuildConfiguration;
			buildSettings = {
				ASSETCATALOG_COMPILER_APPICON_NAME = AppIcon;
				ASSETCATALOG_COMPILER_GLOBAL_ACCENT_COLOR_NAME = AccentColor;
				CODE_SIGN_STYLE = Automatic;
				CURRENT_PROJECT_VERSION = 1;
				DEVELOPMENT_ASSET_PATHS = "\"BetterRest/Preview Content\"";
				ENABLE_PREVIEWS = YES;
				GENERATE_INFOPLIST_FILE = YES;
				INFOPLIST_KEY_UIApplicationSceneManifest_Generation = YES;
				INFOPLIST_KEY_UIApplicationSupportsIndirectInputEvents = YES;
				INFOPLIST_KEY_UILaunchScreen_Generation = YES;
				INFOPLIST_KEY_UISupportedInterfaceOrientations_iPad = "UIInterfaceOrientationPortrait UIInterfaceOrientationPortraitUpsideDown UIInterfaceOrientationLandscapeLeft UIInterfaceOrientationLandscapeRight";
				INFOPLIST_KEY_UISupportedInterfaceOrientations_iPhone = "UIInterfaceOrientationPortrait UIInterfaceOrientationLandscapeLeft UIInterfaceOrientationLandscapeRight";
				LD_RUNPATH_SEARCH_PATHS = (
					"$(inherited)",
					"@executable_path/Frameworks",
				);
				MARKETING_VERSION = 1.0;
				PRODUCT_BUNDLE_IDENTIFIER = Kanishk.BetterRest;
				PRODUCT_NAME = "$(TARGET_NAME)";
				SWIFT_EMIT_LOC_STRINGS = YES;
				SWIFT_VERSION = 5.0;
				TARGETED_DEVICE_FAMILY = "1,2";
			};
			name = Release;
		};
		CD863FED2B5ACEDA00D9C9BF /* Debug */ = {
			isa = XCBuildConfiguration;
			buildSettings = {
				ALWAYS_EMBED_SWIFT_STANDARD_LIBRARIES = YES;
				BUNDLE_LOADER = "$(TEST_HOST)";
				CODE_SIGN_STYLE = Automatic;
				CURRENT_PROJECT_VERSION = 1;
				GENERATE_INFOPLIST_FILE = YES;
				IPHONEOS_DEPLOYMENT_TARGET = 17.0;
				MARKETING_VERSION = 1.0;
				PRODUCT_BUNDLE_IDENTIFIER = Kanishk.BetterRestTests;
				PRODUCT_NAME = "$(TARGET_NAME)";
				SWIFT_EMIT_LOC_STRINGS = NO;
				SWIFT_VERSION = 5.0;
				TARGETED_DEVICE_FAMILY = "1,2";
				TEST_HOST = "$(BUILT_PRODUCTS_DIR)/BetterRest.app/$(BUNDLE_EXECUTABLE_FOLDER_PATH)/BetterRest";
			};
			name = Debug;
		};
		CD863FEE2B5ACEDA00D9C9BF /* Release */ = {
			isa = XCBuildConfiguration;
			buildSettings = {
				ALWAYS_EMBED_SWIFT_STANDARD_LIBRARIES = YES;
				BUNDLE_LOADER = "$(TEST_HOST)";
				CODE_SIGN_STYLE = Automatic;
				CURRENT_PROJECT_VERSION = 1;
				GENERATE_INFOPLIST_FILE = YES;
				IPHONEOS_DEPLOYMENT_TARGET = 17.0;
				MARKETING_VERSION = 1.0;
				PRODUCT_BUNDLE_IDENTIFIER = Kanishk.BetterRestTests;
				PRODUCT_NAME = "$(TARGET_NAME)";
				SWIFT_EMIT_LOC_STRINGS = NO;
				SWIFT_VERSION = 5.0;
				TARGETED_DEVICE_FAMILY = "1,2";
				TEST_HOST = "$(BUILT_PRODUCTS_DIR)/BetterRest.app/$(BUNDLE_EXECUTABLE_FOLDER_PATH)/BetterRest";
			};
			name = Release;
		};
		CD863FF02B5ACEDA00D9C9BF /* Debug */ = {
			isa = XCBuildConfiguration;
			buildSettings = {
				ALWAYS_EMBED_SWIFT_STANDARD_LIBRARIES = YES;
				CODE_SIGN_STYLE = Automatic;
				CURRENT_PROJECT_VERSION = 1;
				GENERATE_INFOPLIST_FILE = YES;
				MARKETING_VERSION = 1.0;
				PRODUCT_BUNDLE_IDENTIFIER = Kanishk.BetterRestUITests;
				PRODUCT_NAME = "$(TARGET_NAME)";
				SWIFT_EMIT_LOC_STRINGS = NO;
				SWIFT_VERSION = 5.0;
				TARGETED_DEVICE_FAMILY = "1,2";
				TEST_TARGET_NAME = BetterRest;
			};
			name = Debug;
		};
		CD863FF12B5ACEDA00D9C9BF /* Release */ = {
			isa = XCBuildConfiguration;
			buildSettings = {
				ALWAYS_EMBED_SWIFT_STANDARD_LIBRARIES = YES;
				CODE_SIGN_STYLE = Automatic;
				CURRENT_PROJECT_VERSION = 1;
				GENERATE_INFOPLIST_FILE = YES;
				MARKETING_VERSION = 1.0;
				PRODUCT_BUNDLE_IDENTIFIER = Kanishk.BetterRestUITests;
				PRODUCT_NAME = "$(TARGET_NAME)";
				SWIFT_EMIT_LOC_STRINGS = NO;
				SWIFT_VERSION = 5.0;
				TARGETED_DEVICE_FAMILY = "1,2";
				TEST_TARGET_NAME = BetterRest;
			};
			name = Release;
		};
/* End XCBuildConfiguration section */

/* Begin XCConfigurationList section */
		CD863FC02B5ACED600D9C9BF /* Build configuration list for PBXProject "BetterRest" */ = {
			isa = XCConfigurationList;
			buildConfigurations = (
				CD863FE72B5ACEDA00D9C9BF /* Debug */,
				CD863FE82B5ACEDA00D9C9BF /* Release */,
			);
			defaultConfigurationIsVisible = 0;
			defaultConfigurationName = Release;
		};
		CD863FE92B5ACEDA00D9C9BF /* Build configuration list for PBXNativeTarget "BetterRest" */ = {
			isa = XCConfigurationList;
			buildConfigurations = (
				CD863FEA2B5ACEDA00D9C9BF /* Debug */,
				CD863FEB2B5ACEDA00D9C9BF /* Release */,
			);
			defaultConfigurationIsVisible = 0;
			defaultConfigurationName = Release;
		};
		CD863FEC2B5ACEDA00D9C9BF /* Build configuration list for PBXNativeTarget "BetterRestTests" */ = {
			isa = XCConfigurationList;
			buildConfigurations = (
				CD863FED2B5ACEDA00D9C9BF /* Debug */,
				CD863FEE2B5ACEDA00D9C9BF /* Release */,
			);
			defaultConfigurationIsVisible = 0;
			defaultConfigurationName = Release;
		};
		CD863FEF2B5ACEDA00D9C9BF /* Build configuration list for PBXNativeTarget "BetterRestUITests" */ = {
			isa = XCConfigurationList;
			buildConfigurations = (
				CD863FF02B5ACEDA00D9C9BF /* Debug */,
				CD863FF12B5ACEDA00D9C9BF /* Release */,
			);
			defaultConfigurationIsVisible = 0;
			defaultConfigurationName = Release;
		};
/* End XCConfigurationList section */
	};
	rootObject = CD863FBD2B5ACED600D9C9BF /* Project object */;
}
